
Microsoft Visual Studio Solution File, Format Version 12.00
# Visual Studio 15
VisualStudioVersion = 15.0.28307.539
MinimumVisualStudioVersion = 10.0.40219.1
Project("{9A19103F-16F7-4668-BE54-9A1E7A4F7556}") = "IdentityServerCentral", "IdentityServerCentral\IdentityServerCentral.csproj", "{8E0054EB-B828-4BB5-B2CB-F04ECFFC941C}"
EndProject
Project("{FAE04EC0-301F-11D3-BF4B-00C04F79EFBC}") = "SecuredApi", "SecuredApi\SecuredApi.csproj", "{A9A92886-FE7D-4B18-B875-19BE3A5E2590}"
EndProject
Project("{FAE04EC0-301F-11D3-BF4B-00C04F79EFBC}") = "IdentityClientApp", "IdentityClientApp\IdentityClientApp.csproj", "{5BB9424C-6E8C-441F-B773-71D380C6E998}"
EndProject
Global
	GlobalSection(SolutionConfigurationPlatforms) = preSolution
		Debug|Any CPU = Debug|Any CPU
		Release|Any CPU = Release|Any CPU
	EndGlobalSection
	GlobalSection(ProjectConfigurationPlatforms) = postSolution
		{8E0054EB-B828-4BB5-B2CB-F04ECFFC941C}.Debug|Any CPU.ActiveCfg = Debug|Any CPU
		{8E0054EB-B828-4BB5-B2CB-F04ECFFC941C}.Debug|Any CPU.Build.0 = Debug|Any CPU
		{8E0054EB-B828-4BB5-B2CB-F04ECFFC941C}.Release|Any CPU.ActiveCfg = Release|Any CPU
		{8E0054EB-B828-4BB5-B2CB-F04ECFFC941C}.Release|Any CPU.Build.0 = Release|Any CPU
		{A9A92886-FE7D-4B18-B875-19BE3A5E2590}.Debug|Any CPU.ActiveCfg = Debug|Any CPU
		{A9A92886-FE7D-4B18-B875-19BE3A5E2590}.Debug|Any CPU.Build.0 = Debug|Any CPU
		{A9A92886-FE7D-4B18-B875-19BE3A5E2590}.Release|Any CPU.ActiveCfg = Release|Any CPU
		{A9A92886-FE7D-4B18-B875-19BE3A5E2590}.Release|Any CPU.Build.0 = Release|Any CPU
		{5BB9424C-6E8C-441F-B773-71D380C6E998}.Debug|Any CPU.ActiveCfg = Debug|Any CPU
		{5BB9424C-6E8C-441F-B773-71D380C6E998}.Debug|Any CPU.Build.0 = Debug|Any CPU
		{5BB9424C-6E8C-441F-B773-71D380C6E998}.Release|Any CPU.ActiveCfg = Release|Any CPU
		{5BB9424C-6E8C-441F-B773-71D380C6E998}.Release|Any CPU.Build.0 = Release|Any CPU
	EndGlobalSection
	GlobalSection(SolutionProperties) = preSolution
		HideSolutionNode = FALSE
	EndGlobalSection
	GlobalSection(ExtensibilityGlobals) = postSolution
		SolutionGuid = {13755660-CE63-4AD5-88DF-7DC796D01E88}
	EndGlobalSection
EndGlobal
